
Microsoft Visual Studio Solution File, Format Version 12.00
# Visual Studio Version 16
VisualStudioVersion = 16.0.29709.97
MinimumVisualStudioVersion = 10.0.40219.1
Project("{FAE04EC0-301F-11D3-BF4B-00C04F79EFBC}") = "MyTestEchoKyzBot", "MyTestEchoKyzBot.csproj", "{8CEC419E-9BA7-400B-AEDB-5C318A898B5D}"
EndProject
Global
	GlobalSection(SolutionConfigurationPlatforms) = preSolution
		Debug|Any CPU = Debug|Any CPU
		Release|Any CPU = Release|Any CPU
	EndGlobalSection
	GlobalSection(ProjectConfigurationPlatforms) = postSolution
		{8CEC419E-9BA7-400B-AEDB-5C318A898B5D}.Debug|Any CPU.ActiveCfg = Debug|Any CPU
		{8CEC419E-9BA7-400B-AEDB-5C318A898B5D}.Debug|Any CPU.Build.0 = Debug|Any CPU
		{8CEC419E-9BA7-400B-AEDB-5C318A898B5D}.Release|Any CPU.ActiveCfg = Release|Any CPU
		{8CEC419E-9BA7-400B-AEDB-5C318A898B5D}.Release|Any CPU.Build.0 = Release|Any CPU
	EndGlobalSection
	GlobalSection(SolutionProperties) = preSolution
		HideSolutionNode = FALSE
	EndGlobalSection
	GlobalSection(ExtensibilityGlobals) = postSolution
		SolutionGuid = {0999ABD6-A431-4598-833C-5542A0076844}
	EndGlobalSection
EndGlobal
