
Microsoft Visual Studio Solution File, Format Version 12.00
# Visual Studio Version 16
VisualStudioVersion = 16.0.29709.97
MinimumVisualStudioVersion = 10.0.40219.1
Project("{FAE04EC0-301F-11D3-BF4B-00C04F79EFBC}") = "PoliNomMathWPFNet", "PoliNomMathWPFNet.csproj", "{78202329-349B-47B9-8C6E-D74B6BA5A819}"
EndProject
Global
	GlobalSection(SolutionConfigurationPlatforms) = preSolution
		Debug|Any CPU = Debug|Any CPU
		Release|Any CPU = Release|Any CPU
	EndGlobalSection
	GlobalSection(ProjectConfigurationPlatforms) = postSolution
		{78202329-349B-47B9-8C6E-D74B6BA5A819}.Debug|Any CPU.ActiveCfg = Debug|Any CPU
		{78202329-349B-47B9-8C6E-D74B6BA5A819}.Debug|Any CPU.Build.0 = Debug|Any CPU
		{78202329-349B-47B9-8C6E-D74B6BA5A819}.Release|Any CPU.ActiveCfg = Release|Any CPU
		{78202329-349B-47B9-8C6E-D74B6BA5A819}.Release|Any CPU.Build.0 = Release|Any CPU
	EndGlobalSection
	GlobalSection(SolutionProperties) = preSolution
		HideSolutionNode = FALSE
	EndGlobalSection
	GlobalSection(ExtensibilityGlobals) = postSolution
		SolutionGuid = {680B50F7-2B3D-403C-A8E0-648DB2167DE8}
	EndGlobalSection
EndGlobal
