
Microsoft Visual Studio Solution File, Format Version 12.00
# Visual Studio Version 16
VisualStudioVersion = 16.0.29709.97
MinimumVisualStudioVersion = 10.0.40219.1
Project("{FAE04EC0-301F-11D3-BF4B-00C04F79EFBC}") = "VKbot", "VKbot.csproj", "{A6F031EE-9D43-42AD-A06A-2C0A959645FA}"
EndProject
Global
	GlobalSection(SolutionConfigurationPlatforms) = preSolution
		Debug|Any CPU = Debug|Any CPU
		Release|Any CPU = Release|Any CPU
	EndGlobalSection
	GlobalSection(ProjectConfigurationPlatforms) = postSolution
		{A6F031EE-9D43-42AD-A06A-2C0A959645FA}.Debug|Any CPU.ActiveCfg = Debug|Any CPU
		{A6F031EE-9D43-42AD-A06A-2C0A959645FA}.Debug|Any CPU.Build.0 = Debug|Any CPU
		{A6F031EE-9D43-42AD-A06A-2C0A959645FA}.Release|Any CPU.ActiveCfg = Release|Any CPU
		{A6F031EE-9D43-42AD-A06A-2C0A959645FA}.Release|Any CPU.Build.0 = Release|Any CPU
	EndGlobalSection
	GlobalSection(SolutionProperties) = preSolution
		HideSolutionNode = FALSE
	EndGlobalSection
	GlobalSection(ExtensibilityGlobals) = postSolution
		SolutionGuid = {51498777-8BBA-4EB7-9592-4AEE64038441}
	EndGlobalSection
EndGlobal
