
Microsoft Visual Studio Solution File, Format Version 12.00
# Visual Studio Version 16
VisualStudioVersion = 16.0.30002.166
MinimumVisualStudioVersion = 10.0.40219.1
Project("{FAE04EC0-301F-11D3-BF4B-00C04F79EFBC}") = "deltest", "deltest.csproj", "{64430EB6-65B6-4E4B-8E44-E425989181D5}"
EndProject
Global
	GlobalSection(SolutionConfigurationPlatforms) = preSolution
		Debug|Any CPU = Debug|Any CPU
		Release|Any CPU = Release|Any CPU
	EndGlobalSection
	GlobalSection(ProjectConfigurationPlatforms) = postSolution
		{64430EB6-65B6-4E4B-8E44-E425989181D5}.Debug|Any CPU.ActiveCfg = Debug|Any CPU
		{64430EB6-65B6-4E4B-8E44-E425989181D5}.Debug|Any CPU.Build.0 = Debug|Any CPU
		{64430EB6-65B6-4E4B-8E44-E425989181D5}.Release|Any CPU.ActiveCfg = Release|Any CPU
		{64430EB6-65B6-4E4B-8E44-E425989181D5}.Release|Any CPU.Build.0 = Release|Any CPU
	EndGlobalSection
	GlobalSection(SolutionProperties) = preSolution
		HideSolutionNode = FALSE
	EndGlobalSection
	GlobalSection(ExtensibilityGlobals) = postSolution
		SolutionGuid = {EEC28D58-AEE4-43B5-8E57-C0BBB542B2D0}
	EndGlobalSection
EndGlobal
