
Microsoft Visual Studio Solution File, Format Version 12.00
# Visual Studio Version 16
VisualStudioVersion = 16.0.29509.3
MinimumVisualStudioVersion = 10.0.40219.1
Project("{FAE04EC0-301F-11D3-BF4B-00C04F79EFBC}") = "ParserExcel2", "ParserExcel2.csproj", "{98786F92-999E-406D-8217-043DF20050F8}"
EndProject
Global
	GlobalSection(SolutionConfigurationPlatforms) = preSolution
		Debug|Any CPU = Debug|Any CPU
		Release|Any CPU = Release|Any CPU
	EndGlobalSection
	GlobalSection(ProjectConfigurationPlatforms) = postSolution
		{98786F92-999E-406D-8217-043DF20050F8}.Debug|Any CPU.ActiveCfg = Debug|Any CPU
		{98786F92-999E-406D-8217-043DF20050F8}.Debug|Any CPU.Build.0 = Debug|Any CPU
		{98786F92-999E-406D-8217-043DF20050F8}.Release|Any CPU.ActiveCfg = Release|Any CPU
		{98786F92-999E-406D-8217-043DF20050F8}.Release|Any CPU.Build.0 = Release|Any CPU
	EndGlobalSection
	GlobalSection(SolutionProperties) = preSolution
		HideSolutionNode = FALSE
	EndGlobalSection
	GlobalSection(ExtensibilityGlobals) = postSolution
		SolutionGuid = {34CAB14D-6A89-46F0-B19E-53D405F97629}
	EndGlobalSection
EndGlobal
